<?xml version="1.0" encoding="utf-8"?>
<Project ToolsVersion="4.0" xmlns="http://schemas.microsoft.com/developer/msbuild/2003">
  <ItemGroup>
    <ClInclude Include="stdafx.h" />
    <ClInclude Include="external\mesh_AABB.h">
      <Filter>external</Filter>
    </ClInclude>
    <ClInclude Include="src\AABBWrapper.h">
      <Filter>src</Filter>
    </ClInclude>
    <ClInclude Include="src\Mesh.hpp">
      <Filter>src</Filter>
    </ClInclude>
    <ClInclude Include="external\bfs_orient.h">
      <Filter>external</Filter>
    </ClInclude>
    <ClInclude Include="external\Exception.h">
      <Filter>external</Filter>
    </ClInclude>
    <ClInclude Include="external\FastWindingNumber.hpp">
      <Filter>external</Filter>
    </ClInclude>
    <ClInclude Include="external\get_mem.h">
      <Filter>external</Filter>
    </ClInclude>
    <ClInclude Include="external\Predicates.hpp">
      <Filter>external</Filter>
    </ClInclude>
    <ClInclude Include="external\Rational.h">
      <Filter>external</Filter>
    </ClInclude>
    <ClInclude Include="external\WindingNumber.h">
      <Filter>external</Filter>
    </ClInclude>
    <ClInclude Include="src\auto_table.hpp">
      <Filter>src</Filter>
    </ClInclude>
    <ClInclude Include="src\CutMesh.h">
      <Filter>src</Filter>
    </ClInclude>
    <ClInclude Include="src\EdgeCollapsing.h">
      <Filter>src</Filter>
    </ClInclude>
    <ClInclude Include="src\EdgeSplitting.h">
      <Filter>src</Filter>
    </ClInclude>
    <ClInclude Include="src\EdgeSwapping.h">
      <Filter>src</Filter>
    </ClInclude>
    <ClInclude Include="src\FloatTetDelaunay.h">
      <Filter>src</Filter>
    </ClInclude>
    <ClInclude Include="src\intersections.h">
      <Filter>src</Filter>
    </ClInclude>
    <ClInclude Include="src\LocalOperations.h">
      <Filter>src</Filter>
    </ClInclude>
    <ClInclude Include="src\Logger.hpp">
      <Filter>src</Filter>
    </ClInclude>
    <ClInclude Include="src\MeshImprovement.h">
      <Filter>src</Filter>
    </ClInclude>
    <ClInclude Include="src\Parameters.h">
      <Filter>src</Filter>
    </ClInclude>
    <ClInclude Include="src\Simplification.h">
      <Filter>src</Filter>
    </ClInclude>
    <ClInclude Include="src\Statistics.h">
      <Filter>src</Filter>
    </ClInclude>
    <ClInclude Include="src\TriangleInsertion.h">
      <Filter>src</Filter>
    </ClInclude>
    <ClInclude Include="src\Types.hpp">
      <Filter>src</Filter>
    </ClInclude>
    <ClInclude Include="src\VertexSmoothing.h">
      <Filter>src</Filter>
    </ClInclude>
    <ClInclude Include="includeEigen.h" />
    <ClInclude Include="Utils\Geogram2.h">
      <Filter>Utils</Filter>
    </ClInclude>
    <ClInclude Include="Utils\miscUtils.h" />
    <ClInclude Include="Utils\BoundingBox.hpp" />
    <ClInclude Include="Utils\GeometricPrimitives.h" />
    <ClInclude Include="Utils\NearestSearch.h" />
    <ClInclude Include="Utils\orient3D.h" />
    <ClInclude Include="Utils\RobustPredicates.h" />
    <ClInclude Include="Utils\designTimeUtils.h" />
    <ClInclude Include="Utils\KdTree\kd_tree.h">
      <Filter>Utils\KdTree</Filter>
    </ClInclude>
    <ClInclude Include="Utils\KdTree\nn_search.h">
      <Filter>Utils\KdTree</Filter>
    </ClInclude>
    <ClInclude Include="Utils\Mesh\MeshBase.h">
      <Filter>Utils\Mesh</Filter>
    </ClInclude>
    <ClInclude Include="Utils\Mesh\reorderUtils.h">
      <Filter>Utils\Mesh</Filter>
    </ClInclude>
    <ClInclude Include="Utils\Mesh\TriangleMesh.h">
      <Filter>Utils\Mesh</Filter>
    </ClInclude>
    <ClInclude Include="src\EdgesSet.h" />
    <ClInclude Include="Utils\cutTableData.h" />
    <ClInclude Include="src\CutTable2.h" />
    <ClInclude Include="Utils\triangleIntersection.h" />
    <ClInclude Include="Utils\SimdVector.h" />
    <ClInclude Include="Utils\randomShuffle.h" />
    <ClInclude Include="src\LocalOperations2.h" />
  </ItemGroup>
  <ItemGroup>
    <ClCompile Include="stdafx.cpp" />
    <ClCompile Include="TetWild2.cpp" />
    <ClCompile Include="external\mesh_AABB.cpp">
      <Filter>external</Filter>
    </ClCompile>
    <ClCompile Include="src\AABBWrapper.cpp">
      <Filter>src</Filter>
    </ClCompile>
    <ClCompile Include="src\Mesh.cpp">
      <Filter>src</Filter>
    </ClCompile>
    <ClCompile Include="external\bfs_orient.cpp">
      <Filter>external</Filter>
    </ClCompile>
    <ClCompile Include="external\FastWindingNumber.cpp">
      <Filter>external</Filter>
    </ClCompile>
    <ClCompile Include="external\get_mem.cpp">
      <Filter>external</Filter>
    </ClCompile>
    <ClCompile Include="external\getRSS.c">
      <Filter>external</Filter>
    </ClCompile>
    <ClCompile Include="external\Predicates.cpp">
      <Filter>external</Filter>
    </ClCompile>
    <ClCompile Include="src\auto_table.cpp">
      <Filter>src</Filter>
    </ClCompile>
    <ClCompile Include="src\CutMesh.cpp">
      <Filter>src</Filter>
    </ClCompile>
    <ClCompile Include="src\EdgeCollapsing.cpp">
      <Filter>src</Filter>
    </ClCompile>
    <ClCompile Include="src\EdgeSplitting.cpp">
      <Filter>src</Filter>
    </ClCompile>
    <ClCompile Include="src\EdgeSwapping.cpp">
      <Filter>src</Filter>
    </ClCompile>
    <ClCompile Include="src\FloatTetDelaunay.cpp">
      <Filter>src</Filter>
    </ClCompile>
    <ClCompile Include="src\intersections.cpp">
      <Filter>src</Filter>
    </ClCompile>
    <ClCompile Include="src\LocalOperations.cpp">
      <Filter>src</Filter>
    </ClCompile>
    <ClCompile Include="src\Logger.cpp">
      <Filter>src</Filter>
    </ClCompile>
    <ClCompile Include="src\MeshImprovement.cpp">
      <Filter>src</Filter>
    </ClCompile>
    <ClCompile Include="src\Simplification.cpp">
      <Filter>src</Filter>
    </ClCompile>
    <ClCompile Include="src\TriangleInsertion.cpp">
      <Filter>src</Filter>
    </ClCompile>
    <ClCompile Include="src\VertexSmoothing.cpp">
      <Filter>src</Filter>
    </ClCompile>
    <ClCompile Include="Utils\Geogram2.cpp">
      <Filter>Utils</Filter>
    </ClCompile>
    <ClCompile Include="Utils\miscUtils.cpp" />
    <ClCompile Include="Utils\NearestSearch.cpp" />
    <ClCompile Include="Utils\RobustPredicates.cpp" />
    <ClCompile Include="Utils\designTimeUtils.cpp" />
    <ClCompile Include="Utils\KdTree\kd_tree.cpp">
      <Filter>Utils\KdTree</Filter>
    </ClCompile>
    <ClCompile Include="Utils\KdTree\nn_search.cpp">
      <Filter>Utils\KdTree</Filter>
    </ClCompile>
    <ClCompile Include="Utils\Mesh\MeshBase.cpp">
      <Filter>Utils\Mesh</Filter>
    </ClCompile>
    <ClCompile Include="Utils\Mesh\reorderUtils.cpp">
      <Filter>Utils\Mesh</Filter>
    </ClCompile>
    <ClCompile Include="Utils\Mesh\TriangleMesh.cpp">
      <Filter>Utils\Mesh</Filter>
    </ClCompile>
    <ClCompile Include="Utils\Mesh\TriangleMesh.reorder.cpp">
      <Filter>Utils\Mesh</Filter>
    </ClCompile>
    <ClCompile Include="external\triangle_triangle_intersection.cpp" />
    <ClCompile Include="src\EdgesSet.cpp" />
    <ClCompile Include="Utils\cutTableDataPrint.cpp" />
    <ClCompile Include="src\CutTable2.cpp" />
    <ClCompile Include="Utils\cutTableDataCompare.cpp" />
    <ClCompile Include="Utils\triangleIntersection.cpp" />
    <ClCompile Include="Utils\randomShuffle.cpp" />
    <ClCompile Include="src\LocalOperations2.cpp" />
  </ItemGroup>
  <ItemGroup>
    <Filter Include="external">
      <UniqueIdentifier>{9461dba4-bb17-4eb4-829b-bfd2488a3b27}</UniqueIdentifier>
    </Filter>
    <Filter Include="src">
      <UniqueIdentifier>{94573ef6-8620-4fa6-8ac6-612fc0d46df3}</UniqueIdentifier>
    </Filter>
    <Filter Include="Utils">
      <UniqueIdentifier>{a440e6dc-21d5-464d-8be6-93f367008cf2}</UniqueIdentifier>
    </Filter>
    <Filter Include="Utils\KdTree">
      <UniqueIdentifier>{41bb56e7-93cb-4aa4-b4bd-8b1f1f393c04}</UniqueIdentifier>
    </Filter>
    <Filter Include="Utils\Mesh">
      <UniqueIdentifier>{39021daf-9711-401c-adf7-9616771cbb6b}</UniqueIdentifier>
    </Filter>
  </ItemGroup>
  <ItemGroup>
    <None Include="src\CutTable2.inl" />
  </ItemGroup>
</Project>