<?xml version="1.0" encoding="utf-8"?>
<Project ToolsVersion="4.0" xmlns="http://schemas.microsoft.com/developer/msbuild/2003">
  <ItemGroup>
    <ClCompile Include="GeogramDelaunay.cpp" />
    <ClCompile Include="geogram\delaunay\parallel_delaunay_3d.cpp" />
    <ClCompile Include="geogram\delaunay\delaunay.cpp" />
    <ClCompile Include="geogram\delaunay\delaunay_3d.cpp" />
    <ClCompile Include="geogram\Shims\LinkerShims.cpp" />
    <ClCompile Include="geogram\basic\counted.cpp" />
    <ClCompile Include="geogram\basic\packed_arrays.cpp" />
    <ClCompile Include="geogram\delaunay\delaunay_nn.cpp" />
    <ClCompile Include="geogram\basic\stopwatch.cpp" />
    <ClCompile Include="geogram\basic\process.cpp" />
    <ClCompile Include="geogram\basic\process_win.cpp" />
    <ClCompile Include="geogram\basic\string.cpp" />
    <ClCompile Include="geogram\numerics\predicates.cpp" />
    <ClCompile Include="geogram\numerics\multi_precision.cpp" />
    <ClCompile Include="geogram\mesh\mesh_reorder.cpp" />
    <ClCompile Include="geogram\Shims\environment.cpp" />
    <ClCompile Include="Predicates\RobustPredicates.cpp" />
    <ClCompile Include="Predicates\fasterPredicates.cpp" />
  </ItemGroup>
  <ItemGroup>
    <ClInclude Include="geogram\delaunay\parallel_delaunay_3d.h" />
    <ClInclude Include="geogram\delaunay\cavity.h" />
    <ClInclude Include="geogram\delaunay\delaunay.h" />
    <ClInclude Include="GeogramDelaunay.h" />
    <ClInclude Include="geogram\basic\assert.h" />
    <ClInclude Include="geogram\delaunay\delaunay_3d.h" />
    <ClInclude Include="geogram\basic\process.h" />
    <ClInclude Include="geogram\basic\logger.h" />
    <ClInclude Include="geogram\basic\stopwatch.h" />
    <ClInclude Include="geogram\basic\environment.h" />
    <ClInclude Include="geogram\numerics\predicates.h" />
    <ClInclude Include="geogram\bibliography\bibliography.h" />
    <ClInclude Include="geogram\basic\counted.h" />
    <ClInclude Include="geogram\basic\packed_arrays.h" />
    <ClInclude Include="geogram\delaunay\delaunay_nn.h" />
    <ClInclude Include="geogram\basic\string.h" />
    <ClInclude Include="geogram\numerics\multi_precision.h" />
    <ClInclude Include="geogram\mesh\mesh_reorder.h" />
    <ClInclude Include="geogram\delaunay\periodic.h" />
    <ClInclude Include="geogram\basic\thread_sync.h" />
    <ClInclude Include="geogram\basic\vecg.h" />
    <ClInclude Include="geogram\api\defs.h" />
    <ClInclude Include="Predicates\RobustPredicates.h" />
  </ItemGroup>
</Project>