<?xml version="1.0" encoding="utf-8"?>
<Project ToolsVersion="4.0" xmlns="http://schemas.microsoft.com/developer/msbuild/2003">
  <ItemGroup>
    <ClCompile Include="dllmain.cpp" />
    <ClCompile Include="MeshRepair.cpp" />
    <ClCompile Include="SourceMesh.cpp" />
    <ClCompile Include="convertParameters.cpp" />
    <ClCompile Include="stdafx.cpp" />
    <ClCompile Include="meshRepairMain.cpp" />
  </ItemGroup>
  <ItemGroup>
    <ClInclude Include="API\Parameters.h">
      <Filter>API</Filter>
    </ClInclude>
    <ClInclude Include="API\interfaces.h">
      <Filter>API</Filter>
    </ClInclude>
    <ClInclude Include="API\library.h">
      <Filter>API</Filter>
    </ClInclude>
    <ClInclude Include="SourceMesh.h" />
    <ClInclude Include="convertParameters.h" />
    <ClInclude Include="stdafx.h" />
    <ClInclude Include="meshRepairMain.h" />
  </ItemGroup>
  <ItemGroup>
    <Filter Include="API">
      <UniqueIdentifier>{4f3c7907-4190-4ed0-909f-58a3f17a9faa}</UniqueIdentifier>
    </Filter>
  </ItemGroup>
  <ItemGroup>
    <None Include="API\MeshRepair.def">
      <Filter>API</Filter>
    </None>
  </ItemGroup>
</Project>