<?xml version="1.0" encoding="utf-8"?>
<Project ToolsVersion="4.0" xmlns="http://schemas.microsoft.com/developer/msbuild/2003">
  <ItemGroup>
    <ClCompile Include="dllmain.cpp" />
    <ClCompile Include="MeshRepair.cpp" />
    <ClCompile Include="SourceMesh.cpp" />
    <ClCompile Include="convertParameters.cpp" />
    <ClCompile Include="stdafx.cpp" />
    <ClCompile Include="meshRepairMain.cpp" />
    <ClCompile Include="ResultMesh.cpp" />
    <ClCompile Include="Utils\downcastMesh.cpp" />
  </ItemGroup>
  <ItemGroup>
    <ClInclude Include="API\Parameters.h">
      <Filter>API</Filter>
    </ClInclude>
    <ClInclude Include="API\interfaces.cl.h">
      <Filter>API</Filter>
    </ClInclude>
    <ClInclude Include="API\library.h">
      <Filter>API</Filter>
    </ClInclude>
    <ClInclude Include="SourceMesh.h" />
    <ClInclude Include="convertParameters.h" />
    <ClInclude Include="stdafx.h" />
    <ClInclude Include="meshRepairMain.h" />
    <ClInclude Include="ResultMesh.h" />
    <ClInclude Include="API\eGlobalFlags.h" />
    <ClInclude Include="Utils\downcastMesh.h" />
    <ClInclude Include="resource.h" />
    <ClInclude Include="API\loggerApi.h" />
    <ClInclude Include="API\interfaces.win.h" />
  </ItemGroup>
  <ItemGroup>
    <Filter Include="API">
      <UniqueIdentifier>{4f3c7907-4190-4ed0-909f-58a3f17a9faa}</UniqueIdentifier>
    </Filter>
    <Filter Include="Utils">
      <UniqueIdentifier>{77320a3a-00a3-4bf9-866a-2ab0ba7552de}</UniqueIdentifier>
    </Filter>
  </ItemGroup>
  <ItemGroup>
    <None Include="MeshRepair.def">
      <Filter>API</Filter>
    </None>
  </ItemGroup>
  <ItemGroup>
    <Natvis Include="eigen.natvis" />
    <Natvis Include="simd.natvis" />
  </ItemGroup>
  <ItemGroup>
    <ResourceCompile Include="Resource.rc" />
  </ItemGroup>
</Project>